
Microsoft Visual Studio Solution File, Format Version 12.00
# Visual Studio 15
VisualStudioVersion = 15.0.27703.2035
MinimumVisualStudioVersion = 10.0.40219.1
Project("{FAE04EC0-301F-11D3-BF4B-00C04F79EFBC}") = "Month", "Month\Month.csproj", "{90BD3AC2-FCC4-4E8B-8DA8-26AACEF0DFFE}"
EndProject
Global
	GlobalSection(SolutionConfigurationPlatforms) = preSolution
		Debug|Any CPU = Debug|Any CPU
		Release|Any CPU = Release|Any CPU
	EndGlobalSection
	GlobalSection(ProjectConfigurationPlatforms) = postSolution
		{90BD3AC2-FCC4-4E8B-8DA8-26AACEF0DFFE}.Debug|Any CPU.ActiveCfg = Debug|Any CPU
		{90BD3AC2-FCC4-4E8B-8DA8-26AACEF0DFFE}.Debug|Any CPU.Build.0 = Debug|Any CPU
		{90BD3AC2-FCC4-4E8B-8DA8-26AACEF0DFFE}.Release|Any CPU.ActiveCfg = Release|Any CPU
		{90BD3AC2-FCC4-4E8B-8DA8-26AACEF0DFFE}.Release|Any CPU.Build.0 = Release|Any CPU
	EndGlobalSection
	GlobalSection(SolutionProperties) = preSolution
		HideSolutionNode = FALSE
	EndGlobalSection
	GlobalSection(ExtensibilityGlobals) = postSolution
		SolutionGuid = {A93DFBA8-F02D-4C6E-B66E-54ADC07F6BBC}
	EndGlobalSection
EndGlobal
